<?xml version="1.0" encoding="utf-8"?>
<Project ToolsVersion="4.0" xmlns="http://schemas.microsoft.com/developer/msbuild/2003">
  <ItemGroup>
    <Filter Include="Исходные файлы">
      <UniqueIdentifier>{4FC737F1-C7A5-4376-A066-2A32D752A2FF}</UniqueIdentifier>
      <Extensions>cpp;c;cc;cxx;c++;cppm;ixx;def;odl;idl;hpj;bat;asm;asmx</Extensions>
    </Filter>
    <Filter Include="Файлы заголовков">
      <UniqueIdentifier>{93995380-89BD-4b04-88EB-625FBE52EBFB}</UniqueIdentifier>
      <Extensions>h;hh;hpp;hxx;h++;hm;inl;inc;ipp;xsd</Extensions>
    </Filter>
    <Filter Include="Файлы ресурсов">
      <UniqueIdentifier>{67DA6AB6-F800-4c08-8B7A-83BB121AAD01}</UniqueIdentifier>
      <Extensions>rc;ico;cur;bmp;dlg;rc2;rct;bin;rgs;gif;jpg;jpeg;jpe;resx;tiff;tif;png;wav;mfcribbon-ms</Extensions>
    </Filter>
  </ItemGroup>
  <ItemGroup>
    <ClCompile Include="..\..\CNCCOM\CNCHARD.CPP">
      <Filter>Исходные файлы</Filter>
    </ClCompile>
    <ClCompile Include="..\..\CNCCOM\CNCINTB.CPP">
      <Filter>Исходные файлы</Filter>
    </ClCompile>
    <ClCompile Include="..\..\CNCCOM\CNCINT.CPP">
      <Filter>Исходные файлы</Filter>
    </ClCompile>
    <ClCompile Include="..\..\CNCCAMP\CNCCAUTO.CPP">
      <Filter>Исходные файлы</Filter>
    </ClCompile>
    <ClCompile Include="..\..\CNCCAMP\CNCCFRS.CPP">
      <Filter>Исходные файлы</Filter>
    </ClCompile>
    <ClCompile Include="..\..\CNCCAMP\CNCCMAN.CPP">
      <Filter>Исходные файлы</Filter>
    </ClCompile>
    <ClCompile Include="..\..\CNCCAMP\CNCCOUTK.CPP">
      <Filter>Исходные файлы</Filter>
    </ClCompile>
    <ClCompile Include="..\..\CNCCAMP\CNCCREF.CPP">
      <Filter>Исходные файлы</Filter>
    </ClCompile>
    <ClCompile Include="..\..\CNCCAMP\CNCCRM.CPP">
      <Filter>Исходные файлы</Filter>
    </ClCompile>
    <ClCompile Include="..\..\CNCCAMP\CNCCRRDP.CPP">
      <Filter>Исходные файлы</Filter>
    </ClCompile>
    <ClCompile Include="..\..\CNCCAMP\CNCCSTR.CPP">
      <Filter>Исходные файлы</Filter>
    </ClCompile>
    <ClCompile Include="..\..\CNCCAMP\CNCCTOK.CPP">
      <Filter>Исходные файлы</Filter>
    </ClCompile>
    <ClCompile Include="..\..\CNCCI\CNCCICRS.CPP">
      <Filter>Исходные файлы</Filter>
    </ClCompile>
    <ClCompile Include="..\..\CNCCI\CNCCICT.CPP">
      <Filter>Исходные файлы</Filter>
    </ClCompile>
    <ClCompile Include="..\..\CNCCI\CNCCIEQV.CPP">
      <Filter>Исходные файлы</Filter>
    </ClCompile>
    <ClCompile Include="..\..\CNCCI\CNCCIINP.CPP">
      <Filter>Исходные файлы</Filter>
    </ClCompile>
    <ClCompile Include="..\..\CNCCI\CNCCIKCN.CPP">
      <Filter>Исходные файлы</Filter>
    </ClCompile>
    <ClCompile Include="..\..\CNCCI\CNCCIKRG.CPP">
      <Filter>Исходные файлы</Filter>
    </ClCompile>
    <ClCompile Include="..\..\CNCCI\CNCCILL.CPP">
      <Filter>Исходные файлы</Filter>
    </ClCompile>
    <ClCompile Include="..\..\CNCCI\CNCCILMT.CPP">
      <Filter>Исходные файлы</Filter>
    </ClCompile>
    <ClCompile Include="..\..\CNCCI\CNCCIMRR.CPP">
      <Filter>Исходные файлы</Filter>
    </ClCompile>
    <ClCompile Include="..\..\CNCCI\CNCCIPOL.CPP">
      <Filter>Исходные файлы</Filter>
    </ClCompile>
    <ClCompile Include="..\..\CNCCI\CNCCIRDS.CPP">
      <Filter>Исходные файлы</Filter>
    </ClCompile>
    <ClCompile Include="..\..\CNCCI\CNCCIRNC.CPP">
      <Filter>Исходные файлы</Filter>
    </ClCompile>
    <ClCompile Include="..\..\CNCCI\CNCCIRND.CPP">
      <Filter>Исходные файлы</Filter>
    </ClCompile>
    <ClCompile Include="..\..\CNCCI\CNCCISM0.CPP">
      <Filter>Исходные файлы</Filter>
    </ClCompile>
    <ClCompile Include="..\..\CNCCI\CNCCISVL.CPP">
      <Filter>Исходные файлы</Filter>
    </ClCompile>
    <ClCompile Include="..\..\CNCCI\CNCCIUNA.CPP">
      <Filter>Исходные файлы</Filter>
    </ClCompile>
    <ClCompile Include="..\..\CNCCOM\CNCCSTAT.CPP">
      <Filter>Исходные файлы</Filter>
    </ClCompile>
    <ClCompile Include="..\..\CNCCOM\CNCCSTI.CPP">
      <Filter>Исходные файлы</Filter>
    </ClCompile>
    <ClCompile Include="..\..\CNCCOM\CNCED.CPP">
      <Filter>Исходные файлы</Filter>
    </ClCompile>
    <ClCompile Include="..\..\CNCCOM\CNCINTF.CPP">
      <Filter>Исходные файлы</Filter>
    </ClCompile>
    <ClCompile Include="..\..\CNCCOM\CNCINTH.CPP">
      <Filter>Исходные файлы</Filter>
    </ClCompile>
    <ClCompile Include="..\..\CNCCOM\CNCIOPAR.CPP">
      <Filter>Исходные файлы</Filter>
    </ClCompile>
    <ClCompile Include="..\..\CNCCOM\CNCPAR.CPP">
      <Filter>Исходные файлы</Filter>
    </ClCompile>
    <ClCompile Include="..\..\CNCDRC\CNCTCOM2.CPP">
      <Filter>Исходные файлы</Filter>
    </ClCompile>
    <ClCompile Include="..\..\CNCDRC\CNCTEND.CPP">
      <Filter>Исходные файлы</Filter>
    </ClCompile>
    <ClCompile Include="..\..\CNCDRV\CNCICRFN.CPP">
      <Filter>Исходные файлы</Filter>
    </ClCompile>
    <ClCompile Include="..\..\CNCDRV\CNCIEOKS.CPP">
      <Filter>Исходные файлы</Filter>
    </ClCompile>
    <ClCompile Include="..\..\CNCDRV\CNCIRES.CPP">
      <Filter>Исходные файлы</Filter>
    </ClCompile>
    <ClCompile Include="..\..\CNCDRV\CNCISPOZ.CPP">
      <Filter>Исходные файлы</Filter>
    </ClCompile>
    <ClCompile Include="..\..\CNCDRV\CNCISREF.CPP">
      <Filter>Исходные файлы</Filter>
    </ClCompile>
    <ClCompile Include="..\..\CNCSERR\AVTOYP.CPP">
      <Filter>Исходные файлы</Filter>
    </ClCompile>
    <ClCompile Include="..\..\CNCSERR\DIAG.CPP">
      <Filter>Исходные файлы</Filter>
    </ClCompile>
    <ClCompile Include="..\..\CNCSERR\MISTAKE.CPP">
      <Filter>Исходные файлы</Filter>
    </ClCompile>
    <ClCompile Include="..\..\CNCSERR\OB_IN.CPP">
      <Filter>Исходные файлы</Filter>
    </ClCompile>
    <ClCompile Include="..\..\CNCSERR\OB_KON.CPP">
      <Filter>Исходные файлы</Filter>
    </ClCompile>
    <ClCompile Include="..\..\CNCSERR\OB_KON2.CPP">
      <Filter>Исходные файлы</Filter>
    </ClCompile>
    <ClCompile Include="..\..\CNCSERR\OB_OUT.CPP">
      <Filter>Исходные файлы</Filter>
    </ClCompile>
    <ClCompile Include="..\..\CNCSERR\ZAPIC.CPP">
      <Filter>Исходные файлы</Filter>
    </ClCompile>
    <ClCompile Include="..\..\CNCSHOW\CNCSAUTO.CPP">
      <Filter>Исходные файлы</Filter>
    </ClCompile>
    <ClCompile Include="..\..\CNCSHOW\CNCSBEG.CPP">
      <Filter>Исходные файлы</Filter>
    </ClCompile>
    <ClCompile Include="..\..\CNCSHOW\CNCSCMPR.CPP">
      <Filter>Исходные файлы</Filter>
    </ClCompile>
    <ClCompile Include="..\..\CNCSHOW\CNCSCR.CPP">
      <Filter>Исходные файлы</Filter>
    </ClCompile>
    <ClCompile Include="..\..\CNCSHOW\CNCSCWND.CPP">
      <Filter>Исходные файлы</Filter>
    </ClCompile>
    <ClCompile Include="..\..\CNCSHOW\CNCSDIAG.CPP">
      <Filter>Исходные файлы</Filter>
    </ClCompile>
    <ClCompile Include="..\..\CNCSHOW\CNCSEDIT.CPP">
      <Filter>Исходные файлы</Filter>
    </ClCompile>
    <ClCompile Include="..\..\CNCSHOW\CNCSFH.CPP">
      <Filter>Исходные файлы</Filter>
    </ClCompile>
    <ClCompile Include="..\..\CNCSHOW\CNCSFSPR.CPP">
      <Filter>Исходные файлы</Filter>
    </ClCompile>
    <ClCompile Include="..\..\CNCSHOW\CNCSFUN.CPP">
      <Filter>Исходные файлы</Filter>
    </ClCompile>
    <ClCompile Include="..\..\CNCSHOW\CNCSGDC.CPP">
      <Filter>Исходные файлы</Filter>
    </ClCompile>
    <ClCompile Include="..\..\CNCSHOW\CNCSGEOM.CPP">
      <Filter>Исходные файлы</Filter>
    </ClCompile>
    <ClCompile Include="..\..\CNCSHOW\CNCSGSC.CPP">
      <Filter>Исходные файлы</Filter>
    </ClCompile>
    <ClCompile Include="..\..\CNCSHOW\CNCSGSTR.CPP">
      <Filter>Исходные файлы</Filter>
    </ClCompile>
    <ClCompile Include="..\..\CNCSHOW\CNCSHOW.CPP">
      <Filter>Исходные файлы</Filter>
    </ClCompile>
    <ClCompile Include="..\..\CNCSHOW\CNCSJOG.CPP">
      <Filter>Исходные файлы</Filter>
    </ClCompile>
    <ClCompile Include="..\..\CNCSHOW\CNCSKOR.CPP">
      <Filter>Исходные файлы</Filter>
    </ClCompile>
    <ClCompile Include="..\..\CNCSHOW\CNCSMAN.CPP">
      <Filter>Исходные файлы</Filter>
    </ClCompile>
    <ClCompile Include="..\..\CNCSHOW\CNCSRMSG.CPP">
      <Filter>Исходные файлы</Filter>
    </ClCompile>
    <ClCompile Include="..\..\CNCSHOW\CNCSTED.CPP">
      <Filter>Исходные файлы</Filter>
    </ClCompile>
    <ClCompile Include="..\..\CNCSHOW\CNCSVAR.CPP">
      <Filter>Исходные файлы</Filter>
    </ClCompile>
    <ClCompile Include="..\..\CNCSHOW\CNCTEDI.CPP">
      <Filter>Исходные файлы</Filter>
    </ClCompile>
    <ClCompile Include="..\..\CNCTIME\CNCTBGN.CPP">
      <Filter>Исходные файлы</Filter>
    </ClCompile>
    <ClCompile Include="..\..\CNCTIME\CNCTCM.CPP">
      <Filter>Исходные файлы</Filter>
    </ClCompile>
    <ClCompile Include="..\..\CNCTIME\CNCTCOM1.CPP">
      <Filter>Исходные файлы</Filter>
    </ClCompile>
    <ClCompile Include="..\..\CNCTIME\CNCTIME.CPP">
      <Filter>Исходные файлы</Filter>
    </ClCompile>
    <ClCompile Include="..\..\CNCTIME\CNCTINFM.CPP">
      <Filter>Исходные файлы</Filter>
    </ClCompile>
    <ClCompile Include="..\..\CNCTIME\CNCTIO.CPP">
      <Filter>Исходные файлы</Filter>
    </ClCompile>
    <ClCompile Include="..\..\CNCTIME\CNCTMFUN.CPP">
      <Filter>Исходные файлы</Filter>
    </ClCompile>
    <ClCompile Include="..\..\CNCTIME\CNCTMM.CPP">
      <Filter>Исходные файлы</Filter>
    </ClCompile>
    <ClCompile Include="..\..\CNCTIME\CNCTPOIN.CPP">
      <Filter>Исходные файлы</Filter>
    </ClCompile>
    <ClCompile Include="..\..\CNCTIME\CNCTRC1.CPP">
      <Filter>Исходные файлы</Filter>
    </ClCompile>
    <ClCompile Include="..\..\CNCTIME\CNCTRC2.CPP">
      <Filter>Исходные файлы</Filter>
    </ClCompile>
    <ClCompile Include="..\..\CNCTIME\CNCTRES.CPP">
      <Filter>Исходные файлы</Filter>
    </ClCompile>
    <ClCompile Include="..\..\CNCTIME\CNCTRPR.CPP">
      <Filter>Исходные файлы</Filter>
    </ClCompile>
    <ClCompile Include="..\..\CNCTIME\CNCTSM.CPP">
      <Filter>Исходные файлы</Filter>
    </ClCompile>
    <ClCompile Include="..\..\CNCTIME\CNCTSTP.CPP">
      <Filter>Исходные файлы</Filter>
    </ClCompile>
    <ClCompile Include="..\..\CNCTIME\CNCTSZR.CPP">
      <Filter>Исходные файлы</Filter>
    </ClCompile>
    <ClCompile Include="..\..\CNCUNPAC\CNCUANA.CPP">
      <Filter>Исходные файлы</Filter>
    </ClCompile>
    <ClCompile Include="..\..\CNCUNPAC\CNCUASIM.CPP">
      <Filter>Исходные файлы</Filter>
    </ClCompile>
    <ClCompile Include="..\..\CNCUNPAC\CNCUENDS.CPP">
      <Filter>Исходные файлы</Filter>
    </ClCompile>
    <ClCompile Include="..\..\CNCUNPAC\CNCUFNM.CPP">
      <Filter>Исходные файлы</Filter>
    </ClCompile>
    <ClCompile Include="..\..\CNCUNPAC\CNCUFNUM.CPP">
      <Filter>Исходные файлы</Filter>
    </ClCompile>
    <ClCompile Include="..\..\CNCUNPAC\CNCUFOM.CPP">
      <Filter>Исходные файлы</Filter>
    </ClCompile>
    <ClCompile Include="..\..\CNCUNPAC\CNCUFORM.CPP">
      <Filter>Исходные файлы</Filter>
    </ClCompile>
    <ClCompile Include="..\..\CNCUNPAC\CNCUGR4.CPP">
      <Filter>Исходные файлы</Filter>
    </ClCompile>
    <ClCompile Include="..\..\CNCUNPAC\CNCUGRAN.CPP">
      <Filter>Исходные файлы</Filter>
    </ClCompile>
    <ClCompile Include="..\..\CNCUNPAC\CNCUINTF.CPP">
      <Filter>Исходные файлы</Filter>
    </ClCompile>
    <ClCompile Include="..\..\CNCUNPAC\CNCUNP1.CPP">
      <Filter>Исходные файлы</Filter>
    </ClCompile>
    <ClCompile Include="..\..\CNCUNPAC\CNCUNP2.CPP">
      <Filter>Исходные файлы</Filter>
    </ClCompile>
    <ClCompile Include="..\..\CNCUNPAC\CNCUNP3.CPP">
      <Filter>Исходные файлы</Filter>
    </ClCompile>
    <ClCompile Include="..\..\CNCUNPAC\CNCUNUL.CPP">
      <Filter>Исходные файлы</Filter>
    </ClCompile>
    <ClCompile Include="..\..\CNCUNPAC\CNCUNUMF.CPP">
      <Filter>Исходные файлы</Filter>
    </ClCompile>
    <ClCompile Include="..\..\CNCUNPAC\CNCUNUMS.CPP">
      <Filter>Исходные файлы</Filter>
    </ClCompile>
    <ClCompile Include="..\..\CNCUNPAC\CNCUR_PR.CPP">
      <Filter>Исходные файлы</Filter>
    </ClCompile>
    <ClCompile Include="..\..\CNCUNPAC\CNCUSIM.CPP">
      <Filter>Исходные файлы</Filter>
    </ClCompile>
    <ClCompile Include="..\..\CNCUNPAC\CNCUWERR.CPP">
      <Filter>Исходные файлы</Filter>
    </ClCompile>
    <ClCompile Include="..\..\CNCUNPAC\CNCUWKP.CPP">
      <Filter>Исходные файлы</Filter>
    </ClCompile>
    <ClCompile Include="..\..\CNCUNPAC\CNCUZCP.CPP">
      <Filter>Исходные файлы</Filter>
    </ClCompile>
    <ClCompile Include="..\..\CNCUNPAC\CNCUZERO.CPP">
      <Filter>Исходные файлы</Filter>
    </ClCompile>
    <ClCompile Include="..\..\CNCUNPAC\CNCUZSM.CPP">
      <Filter>Исходные файлы</Filter>
    </ClCompile>
    <ClCompile Include="..\..\CNCUNPAC\FORM.CPP">
      <Filter>Исходные файлы</Filter>
    </ClCompile>
    <ClCompile Include="..\..\CNCUNPAC\FORMP.CPP">
      <Filter>Исходные файлы</Filter>
    </ClCompile>
  </ItemGroup>
  <ItemGroup>
    <ResourceCompile Include="CNC.rc">
      <Filter>Файлы ресурсов</Filter>
    </ResourceCompile>
  </ItemGroup>
  <ItemGroup>
    <None Include="CNC.APS" />
  </ItemGroup>
</Project>