<?xml version="1.0" encoding="utf-8"?>
<Project ToolsVersion="4.0" xmlns="http://schemas.microsoft.com/developer/msbuild/2003">
  <ItemGroup>
    <Filter Include="Source Files">
      <UniqueIdentifier>{4FC737F1-C7A5-4376-A066-2A32D752A2FF}</UniqueIdentifier>
      <Extensions>cpp;c;cc;cxx;def;odl;idl;hpj;bat;asm;asmx</Extensions>
    </Filter>
    <Filter Include="Header Files">
      <UniqueIdentifier>{93995380-89BD-4b04-88EB-625FBE52EBFB}</UniqueIdentifier>
      <Extensions>h;hh;hpp;hxx;hm;inl;inc;xsd</Extensions>
    </Filter>
    <Filter Include="Resource Files">
      <UniqueIdentifier>{67DA6AB6-F800-4c08-8B7A-83BB121AAD01}</UniqueIdentifier>
      <Extensions>rc;ico;cur;bmp;dlg;rc2;rct;bin;rgs;gif;jpg;jpeg;jpe;resx;tiff;tif;png;wav</Extensions>
    </Filter>
  </ItemGroup>
  <ItemGroup>
    <ClCompile Include="..\..\tvision\source\COLORSEL.CPP">
      <Filter>Source Files</Filter>
    </ClCompile>
    <ClCompile Include="..\..\tvision\source\DRIVERS.CPP">
      <Filter>Source Files</Filter>
    </ClCompile>
    <ClCompile Include="..\..\tvision\source\DRIVERS2.CPP">
      <Filter>Source Files</Filter>
    </ClCompile>
    <ClCompile Include="..\..\tvision\source\EDITSTAT.CPP">
      <Filter>Source Files</Filter>
    </ClCompile>
    <ClCompile Include="..\..\tvision\source\GENINC.CPP">
      <Filter>Source Files</Filter>
    </ClCompile>
    <ClCompile Include="..\..\tvision\source\GRP.CPP">
      <Filter>Source Files</Filter>
    </ClCompile>
    <ClCompile Include="..\..\tvision\source\HARDWRVR.CPP">
      <Filter>Source Files</Filter>
    </ClCompile>
    <ClCompile Include="..\..\tvision\source\HELP.CPP">
      <Filter>Source Files</Filter>
    </ClCompile>
    <ClCompile Include="..\..\tvision\source\HELPBASE.CPP">
      <Filter>Source Files</Filter>
    </ClCompile>
    <ClCompile Include="..\..\tvision\source\HISTLIST.CPP">
      <Filter>Source Files</Filter>
    </ClCompile>
    <ClCompile Include="..\..\tvision\source\MAPCOLOR.CPP">
      <Filter>Source Files</Filter>
    </ClCompile>
    <ClCompile Include="..\..\tvision\source\MENU.CPP">
      <Filter>Source Files</Filter>
    </ClCompile>
    <ClCompile Include="..\..\tvision\source\MISC.CPP">
      <Filter>Source Files</Filter>
    </ClCompile>
    <ClCompile Include="..\..\tvision\source\MSGBOX.CPP">
      <Filter>Source Files</Filter>
    </ClCompile>
    <ClCompile Include="..\..\tvision\source\NEW.CPP">
      <Filter>Source Files</Filter>
    </ClCompile>
    <ClCompile Include="..\..\tvision\source\NEWSTR.CPP">
      <Filter>Source Files</Filter>
    </ClCompile>
    <ClCompile Include="..\..\tvision\source\NMBKGRND.CPP">
      <Filter>Source Files</Filter>
    </ClCompile>
    <ClCompile Include="..\..\tvision\source\NMBUTTON.CPP">
      <Filter>Source Files</Filter>
    </ClCompile>
    <ClCompile Include="..\..\tvision\source\NMCHDRDL.CPP">
      <Filter>Source Files</Filter>
    </ClCompile>
    <ClCompile Include="..\..\tvision\source\NMCHKBOX.CPP">
      <Filter>Source Files</Filter>
    </ClCompile>
    <ClCompile Include="..\..\tvision\source\NMCLRSEL.CPP">
      <Filter>Source Files</Filter>
    </ClCompile>
    <ClCompile Include="..\..\tvision\source\NMCLUSTR.CPP">
      <Filter>Source Files</Filter>
    </ClCompile>
    <ClCompile Include="..\..\tvision\source\NMCOLLCT.CPP">
      <Filter>Source Files</Filter>
    </ClCompile>
    <ClCompile Include="..\..\tvision\source\NMDIALOG.CPP">
      <Filter>Source Files</Filter>
    </ClCompile>
    <ClCompile Include="..\..\tvision\source\NMDIRBOX.CPP">
      <Filter>Source Files</Filter>
    </ClCompile>
    <ClCompile Include="..\..\tvision\source\NMDIRCOL.CPP">
      <Filter>Source Files</Filter>
    </ClCompile>
    <ClCompile Include="..\..\tvision\source\NMDSKTOP.CPP">
      <Filter>Source Files</Filter>
    </ClCompile>
    <ClCompile Include="..\..\tvision\source\NMEDITOR.CPP">
      <Filter>Source Files</Filter>
    </ClCompile>
    <ClCompile Include="..\..\tvision\source\NMFILCOL.CPP">
      <Filter>Source Files</Filter>
    </ClCompile>
    <ClCompile Include="..\..\tvision\source\NMFILDLG.CPP">
      <Filter>Source Files</Filter>
    </ClCompile>
    <ClCompile Include="..\..\tvision\source\NMFILLST.CPP">
      <Filter>Source Files</Filter>
    </ClCompile>
    <ClCompile Include="..\..\tvision\source\NMFRAME.CPP">
      <Filter>Source Files</Filter>
    </ClCompile>
    <ClCompile Include="..\..\tvision\source\NMGROUP.CPP">
      <Filter>Source Files</Filter>
    </ClCompile>
    <ClCompile Include="..\..\tvision\source\NMHIST.CPP">
      <Filter>Source Files</Filter>
    </ClCompile>
    <ClCompile Include="..\..\tvision\source\NMINPTLN.CPP">
      <Filter>Source Files</Filter>
    </ClCompile>
    <ClCompile Include="..\..\tvision\source\NMLABEL.CPP">
      <Filter>Source Files</Filter>
    </ClCompile>
    <ClCompile Include="..\..\tvision\source\NMLSTBOX.CPP">
      <Filter>Source Files</Filter>
    </ClCompile>
    <ClCompile Include="..\..\tvision\source\NMLSTVWR.CPP">
      <Filter>Source Files</Filter>
    </ClCompile>
    <ClCompile Include="..\..\tvision\source\NMMNUBAR.CPP">
      <Filter>Source Files</Filter>
    </ClCompile>
    <ClCompile Include="..\..\tvision\source\NMMNUBOX.CPP">
      <Filter>Source Files</Filter>
    </ClCompile>
    <ClCompile Include="..\..\tvision\source\NMMNUPOP.CPP">
      <Filter>Source Files</Filter>
    </ClCompile>
    <ClCompile Include="..\..\tvision\source\NMMNUVW.CPP">
      <Filter>Source Files</Filter>
    </ClCompile>
    <ClCompile Include="..\..\tvision\source\NMMULCHK.CPP">
      <Filter>Source Files</Filter>
    </ClCompile>
    <ClCompile Include="..\..\tvision\source\NMOUTLIN.CPP">
      <Filter>Source Files</Filter>
    </ClCompile>
    <ClCompile Include="..\..\tvision\source\NMPRMTXT.CPP">
      <Filter>Source Files</Filter>
    </ClCompile>
    <ClCompile Include="..\..\tvision\source\NMRBTNS.CPP">
      <Filter>Source Files</Filter>
    </ClCompile>
    <ClCompile Include="..\..\tvision\source\NMRESCOL.CPP">
      <Filter>Source Files</Filter>
    </ClCompile>
    <ClCompile Include="..\..\tvision\source\NMSCOLL.CPP">
      <Filter>Source Files</Filter>
    </ClCompile>
    <ClCompile Include="..\..\tvision\source\NMSCRBAR.CPP">
      <Filter>Source Files</Filter>
    </ClCompile>
    <ClCompile Include="..\..\tvision\source\NMSCROLL.CPP">
      <Filter>Source Files</Filter>
    </ClCompile>
    <ClCompile Include="..\..\tvision\source\NMSTCTXT.CPP">
      <Filter>Source Files</Filter>
    </ClCompile>
    <ClCompile Include="..\..\tvision\source\NMSTDDLG.CPP">
      <Filter>Source Files</Filter>
    </ClCompile>
    <ClCompile Include="..\..\tvision\source\NMSTLINE.CPP">
      <Filter>Source Files</Filter>
    </ClCompile>
    <ClCompile Include="..\..\tvision\source\NMSTRCOL.CPP">
      <Filter>Source Files</Filter>
    </ClCompile>
    <ClCompile Include="..\..\tvision\source\NMSTRLST.CPP">
      <Filter>Source Files</Filter>
    </ClCompile>
    <ClCompile Include="..\..\tvision\source\NMVALIDA.CPP">
      <Filter>Source Files</Filter>
    </ClCompile>
    <ClCompile Include="..\..\tvision\source\NMVIEW.CPP">
      <Filter>Source Files</Filter>
    </ClCompile>
    <ClCompile Include="..\..\tvision\source\NMWINDOW.CPP">
      <Filter>Source Files</Filter>
    </ClCompile>
    <ClCompile Include="..\..\tvision\source\PALETTE.CPP">
      <Filter>Source Files</Filter>
    </ClCompile>
    <ClCompile Include="..\..\tvision\source\SBKGRND.CPP">
      <Filter>Source Files</Filter>
    </ClCompile>
    <ClCompile Include="..\..\tvision\source\SBUTTON.CPP">
      <Filter>Source Files</Filter>
    </ClCompile>
    <ClCompile Include="..\..\tvision\source\SCHDRDLG.CPP">
      <Filter>Source Files</Filter>
    </ClCompile>
    <ClCompile Include="..\..\tvision\source\SCHECKBO.CPP">
      <Filter>Source Files</Filter>
    </ClCompile>
    <ClCompile Include="..\..\tvision\source\SCLRSEL.CPP">
      <Filter>Source Files</Filter>
    </ClCompile>
    <ClCompile Include="..\..\tvision\source\SCLUSTER.CPP">
      <Filter>Source Files</Filter>
    </ClCompile>
    <ClCompile Include="..\..\tvision\source\SDESKTOP.CPP">
      <Filter>Source Files</Filter>
    </ClCompile>
    <ClCompile Include="..\..\tvision\source\SDIALOG.CPP">
      <Filter>Source Files</Filter>
    </ClCompile>
    <ClCompile Include="..\..\tvision\source\SDIRCOLL.CPP">
      <Filter>Source Files</Filter>
    </ClCompile>
    <ClCompile Include="..\..\tvision\source\SDIRLIST.CPP">
      <Filter>Source Files</Filter>
    </ClCompile>
    <ClCompile Include="..\..\tvision\source\SEDITORS.CPP">
      <Filter>Source Files</Filter>
    </ClCompile>
    <ClCompile Include="..\..\tvision\source\SFILCOLL.CPP">
      <Filter>Source Files</Filter>
    </ClCompile>
    <ClCompile Include="..\..\tvision\source\SFILDLG.CPP">
      <Filter>Source Files</Filter>
    </ClCompile>
    <ClCompile Include="..\..\tvision\source\SFILELST.CPP">
      <Filter>Source Files</Filter>
    </ClCompile>
    <ClCompile Include="..\..\tvision\source\SFINFPNE.CPP">
      <Filter>Source Files</Filter>
    </ClCompile>
    <ClCompile Include="..\..\tvision\source\SFINPUTL.CPP">
      <Filter>Source Files</Filter>
    </ClCompile>
    <ClCompile Include="..\..\tvision\source\SFRAME.CPP">
      <Filter>Source Files</Filter>
    </ClCompile>
    <ClCompile Include="..\..\tvision\source\SGROUP.CPP">
      <Filter>Source Files</Filter>
    </ClCompile>
    <ClCompile Include="..\..\tvision\source\SHISTORY.CPP">
      <Filter>Source Files</Filter>
    </ClCompile>
    <ClCompile Include="..\..\tvision\source\SINPUTLI.CPP">
      <Filter>Source Files</Filter>
    </ClCompile>
    <ClCompile Include="..\..\tvision\source\SLABEL.CPP">
      <Filter>Source Files</Filter>
    </ClCompile>
    <ClCompile Include="..\..\tvision\source\SLISTBOX.CPP">
      <Filter>Source Files</Filter>
    </ClCompile>
    <ClCompile Include="..\..\tvision\source\SLSTVIEW.CPP">
      <Filter>Source Files</Filter>
    </ClCompile>
    <ClCompile Include="..\..\tvision\source\SMENUBAR.CPP">
      <Filter>Source Files</Filter>
    </ClCompile>
    <ClCompile Include="..\..\tvision\source\SMENUBOX.CPP">
      <Filter>Source Files</Filter>
    </ClCompile>
    <ClCompile Include="..\..\tvision\source\SMENUPOP.CPP">
      <Filter>Source Files</Filter>
    </ClCompile>
    <ClCompile Include="..\..\tvision\source\SMNUVIEW.CPP">
      <Filter>Source Files</Filter>
    </ClCompile>
    <ClCompile Include="..\..\tvision\source\SMULCHKB.CPP">
      <Filter>Source Files</Filter>
    </ClCompile>
    <ClCompile Include="..\..\tvision\source\SOUTLINE.CPP">
      <Filter>Source Files</Filter>
    </ClCompile>
    <ClCompile Include="..\..\tvision\source\SPARAMTE.CPP">
      <Filter>Source Files</Filter>
    </ClCompile>
    <ClCompile Include="..\..\tvision\source\SRADIOBU.CPP">
      <Filter>Source Files</Filter>
    </ClCompile>
    <ClCompile Include="..\..\tvision\source\SRESCOLL.CPP">
      <Filter>Source Files</Filter>
    </ClCompile>
    <ClCompile Include="..\..\tvision\source\SSCRLBAR.CPP">
      <Filter>Source Files</Filter>
    </ClCompile>
    <ClCompile Include="..\..\tvision\source\SSCROLLE.CPP">
      <Filter>Source Files</Filter>
    </ClCompile>
    <ClCompile Include="..\..\tvision\source\SSTATICT.CPP">
      <Filter>Source Files</Filter>
    </ClCompile>
    <ClCompile Include="..\..\tvision\source\SSTATUSL.CPP">
      <Filter>Source Files</Filter>
    </ClCompile>
    <ClCompile Include="..\..\tvision\source\SSTRCOLL.CPP">
      <Filter>Source Files</Filter>
    </ClCompile>
    <ClCompile Include="..\..\tvision\source\SSTRLST.CPP">
      <Filter>Source Files</Filter>
    </ClCompile>
    <ClCompile Include="..\..\tvision\source\STDDLG.CPP">
      <Filter>Source Files</Filter>
    </ClCompile>
    <ClCompile Include="..\..\tvision\source\STRMSTAT.CPP">
      <Filter>Source Files</Filter>
    </ClCompile>
    <ClCompile Include="..\..\tvision\source\SVALID.CPP">
      <Filter>Source Files</Filter>
    </ClCompile>
    <ClCompile Include="..\..\tvision\source\SVIEW.CPP">
      <Filter>Source Files</Filter>
    </ClCompile>
    <ClCompile Include="..\..\tvision\source\SWINDOW.CPP">
      <Filter>Source Files</Filter>
    </ClCompile>
    <ClCompile Include="..\..\tvision\source\SYSERR.CPP">
      <Filter>Source Files</Filter>
    </ClCompile>
    <ClCompile Include="..\..\tvision\source\TAPPLICA.CPP">
      <Filter>Source Files</Filter>
    </ClCompile>
    <ClCompile Include="..\..\tvision\source\TBKGRND.CPP">
      <Filter>Source Files</Filter>
    </ClCompile>
    <ClCompile Include="..\..\tvision\source\TBUTTON.CPP">
      <Filter>Source Files</Filter>
    </ClCompile>
    <ClCompile Include="..\..\tvision\source\TCHDRDLG.CPP">
      <Filter>Source Files</Filter>
    </ClCompile>
    <ClCompile Include="..\..\tvision\source\TCHECKBO.CPP">
      <Filter>Source Files</Filter>
    </ClCompile>
    <ClCompile Include="..\..\tvision\source\TCLUSTER.CPP">
      <Filter>Source Files</Filter>
    </ClCompile>
    <ClCompile Include="..\..\tvision\source\TCMDSET.CPP">
      <Filter>Source Files</Filter>
    </ClCompile>
    <ClCompile Include="..\..\tvision\source\TCOLLECT.CPP">
      <Filter>Source Files</Filter>
    </ClCompile>
    <ClCompile Include="..\..\tvision\source\TDESKTOP.CPP">
      <Filter>Source Files</Filter>
    </ClCompile>
    <ClCompile Include="..\..\tvision\source\TDIALOG.CPP">
      <Filter>Source Files</Filter>
    </ClCompile>
    <ClCompile Include="..\..\tvision\source\TDIRCOLL.CPP">
      <Filter>Source Files</Filter>
    </ClCompile>
    <ClCompile Include="..\..\tvision\source\TDIRLIST.CPP">
      <Filter>Source Files</Filter>
    </ClCompile>
    <ClCompile Include="..\..\tvision\source\TEDITOR1.CPP">
      <Filter>Source Files</Filter>
    </ClCompile>
    <ClCompile Include="..\..\tvision\source\TEDITOR2.CPP">
      <Filter>Source Files</Filter>
    </ClCompile>
    <ClCompile Include="..\..\tvision\source\TEDITWND.CPP">
      <Filter>Source Files</Filter>
    </ClCompile>
    <ClCompile Include="..\..\tvision\source\TEVENT.CPP">
      <Filter>Source Files</Filter>
    </ClCompile>
    <ClCompile Include="..\..\tvision\source\TEXTVIEW.CPP">
      <Filter>Source Files</Filter>
    </ClCompile>
    <ClCompile Include="..\..\tvision\source\TFILDLG.CPP">
      <Filter>Source Files</Filter>
    </ClCompile>
    <ClCompile Include="..\..\tvision\source\TFILECOL.CPP">
      <Filter>Source Files</Filter>
    </ClCompile>
    <ClCompile Include="..\..\tvision\source\TFILEDTR.CPP">
      <Filter>Source Files</Filter>
    </ClCompile>
    <ClCompile Include="..\..\tvision\source\TFILLIST.CPP">
      <Filter>Source Files</Filter>
    </ClCompile>
    <ClCompile Include="..\..\tvision\source\TFRAME.CPP">
      <Filter>Source Files</Filter>
    </ClCompile>
    <ClCompile Include="..\..\tvision\source\TGROUP.CPP">
      <Filter>Source Files</Filter>
    </ClCompile>
    <ClCompile Include="..\..\tvision\source\THISTORY.CPP">
      <Filter>Source Files</Filter>
    </ClCompile>
    <ClCompile Include="..\..\tvision\source\THISTWIN.CPP">
      <Filter>Source Files</Filter>
    </ClCompile>
    <ClCompile Include="..\..\tvision\source\THSTVIEW.CPP">
      <Filter>Source Files</Filter>
    </ClCompile>
    <ClCompile Include="..\..\tvision\source\TINDICTR.CPP">
      <Filter>Source Files</Filter>
    </ClCompile>
    <ClCompile Include="..\..\tvision\source\TINPUTLI.CPP">
      <Filter>Source Files</Filter>
    </ClCompile>
    <ClCompile Include="..\..\tvision\source\TLABEL.CPP">
      <Filter>Source Files</Filter>
    </ClCompile>
    <ClCompile Include="..\..\tvision\source\TLISTBOX.CPP">
      <Filter>Source Files</Filter>
    </ClCompile>
    <ClCompile Include="..\..\tvision\source\TLSTVIEW.CPP">
      <Filter>Source Files</Filter>
    </ClCompile>
    <ClCompile Include="..\..\tvision\source\TMEMO.CPP">
      <Filter>Source Files</Filter>
    </ClCompile>
    <ClCompile Include="..\..\tvision\source\TMENUBAR.CPP">
      <Filter>Source Files</Filter>
    </ClCompile>
    <ClCompile Include="..\..\tvision\source\TMENUBOX.CPP">
      <Filter>Source Files</Filter>
    </ClCompile>
    <ClCompile Include="..\..\tvision\source\TMENUPOP.CPP">
      <Filter>Source Files</Filter>
    </ClCompile>
    <ClCompile Include="..\..\tvision\source\TMNUVIEW.CPP">
      <Filter>Source Files</Filter>
    </ClCompile>
    <ClCompile Include="..\..\tvision\source\TMOUSE.CPP">
      <Filter>Source Files</Filter>
    </ClCompile>
    <ClCompile Include="..\..\tvision\source\TMULCHKB.CPP">
      <Filter>Source Files</Filter>
    </ClCompile>
    <ClCompile Include="..\..\tvision\source\TOBJECT.CPP">
      <Filter>Source Files</Filter>
    </ClCompile>
    <ClCompile Include="..\..\tvision\source\TOBJSTRM.CPP">
      <Filter>Source Files</Filter>
    </ClCompile>
    <ClCompile Include="..\..\tvision\source\TOUTLINE.CPP">
      <Filter>Source Files</Filter>
    </ClCompile>
    <ClCompile Include="..\..\tvision\source\TPARAMTE.CPP">
      <Filter>Source Files</Filter>
    </ClCompile>
    <ClCompile Include="..\..\tvision\source\TPOINT.CPP">
      <Filter>Source Files</Filter>
    </ClCompile>
    <ClCompile Include="..\..\tvision\source\TPROGRAM.CPP">
      <Filter>Source Files</Filter>
    </ClCompile>
    <ClCompile Include="..\..\tvision\source\TRADIOBU.CPP">
      <Filter>Source Files</Filter>
    </ClCompile>
    <ClCompile Include="..\..\tvision\source\TRESCOLL.CPP">
      <Filter>Source Files</Filter>
    </ClCompile>
    <ClCompile Include="..\..\tvision\source\TRESFILE.CPP">
      <Filter>Source Files</Filter>
    </ClCompile>
    <ClCompile Include="..\..\tvision\source\TSCREEN.CPP">
      <Filter>Source Files</Filter>
    </ClCompile>
    <ClCompile Include="..\..\tvision\source\TSCRLBAR.CPP">
      <Filter>Source Files</Filter>
    </ClCompile>
    <ClCompile Include="..\..\tvision\source\TSCROLLE.CPP">
      <Filter>Source Files</Filter>
    </ClCompile>
    <ClCompile Include="..\..\tvision\source\TSORTCOL.CPP">
      <Filter>Source Files</Filter>
    </ClCompile>
    <ClCompile Include="..\..\tvision\source\TSTATICT.CPP">
      <Filter>Source Files</Filter>
    </ClCompile>
    <ClCompile Include="..\..\tvision\source\TSTATUSL.CPP">
      <Filter>Source Files</Filter>
    </ClCompile>
    <ClCompile Include="..\..\tvision\source\TSTRCOLL.CPP">
      <Filter>Source Files</Filter>
    </ClCompile>
    <ClCompile Include="..\..\tvision\source\TSTRLIST.CPP">
      <Filter>Source Files</Filter>
    </ClCompile>
    <ClCompile Include="..\..\tvision\source\TVALIDAT.CPP">
      <Filter>Source Files</Filter>
    </ClCompile>
    <ClCompile Include="..\..\tvision\source\TVIEW.CPP">
      <Filter>Source Files</Filter>
    </ClCompile>
    <ClCompile Include="..\..\tvision\source\TVTEXT1.CPP">
      <Filter>Source Files</Filter>
    </ClCompile>
    <ClCompile Include="..\..\tvision\source\TVTEXT2.CPP">
      <Filter>Source Files</Filter>
    </ClCompile>
    <ClCompile Include="..\..\tvision\source\TWINDOW.CPP">
      <Filter>Source Files</Filter>
    </ClCompile>
    <ClCompile Include="..\cnccamp\CNCCAUTO.CPP">
      <Filter>Source Files</Filter>
    </ClCompile>
    <ClCompile Include="..\cnccamp\CNCCFRS.CPP">
      <Filter>Source Files</Filter>
    </ClCompile>
    <ClCompile Include="..\cnccamp\CNCCMAN.CPP">
      <Filter>Source Files</Filter>
    </ClCompile>
    <ClCompile Include="..\cnccamp\CNCCOUTK.CPP">
      <Filter>Source Files</Filter>
    </ClCompile>
    <ClCompile Include="..\cnccamp\CNCCREF.CPP">
      <Filter>Source Files</Filter>
    </ClCompile>
    <ClCompile Include="..\cnccamp\CNCCRM.CPP">
      <Filter>Source Files</Filter>
    </ClCompile>
    <ClCompile Include="..\cnccamp\CNCCRRDP.CPP">
      <Filter>Source Files</Filter>
    </ClCompile>
    <ClCompile Include="..\cnccamp\CNCCSTR.CPP">
      <Filter>Source Files</Filter>
    </ClCompile>
    <ClCompile Include="..\cnccamp\CNCCTOK.CPP">
      <Filter>Source Files</Filter>
    </ClCompile>
    <ClCompile Include="..\cncci\CNCCICRS.CPP">
      <Filter>Source Files</Filter>
    </ClCompile>
    <ClCompile Include="..\cncci\CNCCICT.CPP">
      <Filter>Source Files</Filter>
    </ClCompile>
    <ClCompile Include="..\cncci\CNCCIEQV.CPP">
      <Filter>Source Files</Filter>
    </ClCompile>
    <ClCompile Include="..\cncci\CNCCIINP.CPP">
      <Filter>Source Files</Filter>
    </ClCompile>
    <ClCompile Include="..\cncci\CNCCIKCN.CPP">
      <Filter>Source Files</Filter>
    </ClCompile>
    <ClCompile Include="..\cncci\CNCCIKRG.CPP">
      <Filter>Source Files</Filter>
    </ClCompile>
    <ClCompile Include="..\cncci\CNCCILL.CPP">
      <Filter>Source Files</Filter>
    </ClCompile>
    <ClCompile Include="..\cncci\CNCCILMT.CPP">
      <Filter>Source Files</Filter>
    </ClCompile>
    <ClCompile Include="..\cncci\CNCCIMRR.CPP">
      <Filter>Source Files</Filter>
    </ClCompile>
    <ClCompile Include="..\cncci\CNCCIPOL.CPP">
      <Filter>Source Files</Filter>
    </ClCompile>
    <ClCompile Include="..\cncci\CNCCIRDS.CPP">
      <Filter>Source Files</Filter>
    </ClCompile>
    <ClCompile Include="..\cncci\CNCCIRNC.CPP">
      <Filter>Source Files</Filter>
    </ClCompile>
    <ClCompile Include="..\cncci\CNCCIRND.CPP">
      <Filter>Source Files</Filter>
    </ClCompile>
    <ClCompile Include="..\cncci\CNCCISM0.CPP">
      <Filter>Source Files</Filter>
    </ClCompile>
    <ClCompile Include="..\cncci\CNCCISVL.CPP">
      <Filter>Source Files</Filter>
    </ClCompile>
    <ClCompile Include="..\cncci\CNCCIUNA.CPP">
      <Filter>Source Files</Filter>
    </ClCompile>
    <ClCompile Include="..\cnccom\CNCCSTAT.CPP">
      <Filter>Source Files</Filter>
    </ClCompile>
    <ClCompile Include="..\cnccom\CNCCSTI.CPP">
      <Filter>Source Files</Filter>
    </ClCompile>
    <ClCompile Include="..\cnccom\CNCED.CPP">
      <Filter>Source Files</Filter>
    </ClCompile>
    <ClCompile Include="..\cnccom\CNCHARD.CPP">
      <Filter>Source Files</Filter>
    </ClCompile>
    <ClCompile Include="..\cnccom\CNCINT.CPP">
      <Filter>Source Files</Filter>
    </ClCompile>
    <ClCompile Include="..\cnccom\CNCINTB.CPP">
      <Filter>Source Files</Filter>
    </ClCompile>
    <ClCompile Include="..\cnccom\CNCINTF.CPP">
      <Filter>Source Files</Filter>
    </ClCompile>
    <ClCompile Include="..\cnccom\CNCINTH.CPP">
      <Filter>Source Files</Filter>
    </ClCompile>
    <ClCompile Include="..\cnccom\CNCIOPAR.CPP">
      <Filter>Source Files</Filter>
    </ClCompile>
    <ClCompile Include="..\cnccom\CNCPAR.CPP">
      <Filter>Source Files</Filter>
    </ClCompile>
    <ClCompile Include="..\cnccom\CNCUN1.CPP">
      <Filter>Source Files</Filter>
    </ClCompile>
    <ClCompile Include="..\cnccom\CNCUN2.CPP">
      <Filter>Source Files</Filter>
    </ClCompile>
    <ClCompile Include="..\cnccom\CNCUN3.CPP">
      <Filter>Source Files</Filter>
    </ClCompile>
    <ClCompile Include="..\cnccom\CNCUNPAC.CPP">
      <Filter>Source Files</Filter>
    </ClCompile>
    <ClCompile Include="..\cncdrc\CNCCAMP.CPP">
      <Filter>Source Files</Filter>
    </ClCompile>
    <ClCompile Include="..\cncdrc\CNCDCAP.CPP">
      <Filter>Source Files</Filter>
    </ClCompile>
    <ClCompile Include="..\cncdrc\CNCDRC.CPP">
      <Filter>Source Files</Filter>
    </ClCompile>
    <ClCompile Include="..\cncdrc\CNCDRCH.CPP">
      <Filter>Source Files</Filter>
    </ClCompile>
    <ClCompile Include="..\cncdrc\CNCDTIME.CPP">
      <Filter>Source Files</Filter>
    </ClCompile>
    <ClCompile Include="..\cncdrc\CNCIAX.CPP">
      <Filter>Source Files</Filter>
    </ClCompile>
    <ClCompile Include="..\cncdrc\CNCIEOK.CPP">
      <Filter>Source Files</Filter>
    </ClCompile>
    <ClCompile Include="..\cncdrc\CNCILIN.CPP">
      <Filter>Source Files</Filter>
    </ClCompile>
    <ClCompile Include="..\cncdrc\CNCIPOS.CPP">
      <Filter>Source Files</Filter>
    </ClCompile>
    <ClCompile Include="..\cncdrc\CNCIPOSS.CPP">
      <Filter>Source Files</Filter>
    </ClCompile>
    <ClCompile Include="..\cncdrc\CNCIREF.CPP">
      <Filter>Source Files</Filter>
    </ClCompile>
    <ClCompile Include="..\cncdrc\CNCIREFS.CPP">
      <Filter>Source Files</Filter>
    </ClCompile>
    <ClCompile Include="..\cncdrc\CNCMUP.CPP">
      <Filter>Source Files</Filter>
    </ClCompile>
    <ClCompile Include="..\cncdrc\CNCSUPR.CPP">
      <Filter>Source Files</Filter>
    </ClCompile>
    <ClCompile Include="..\cncdrc\CNCTCOM2.CPP">
      <Filter>Source Files</Filter>
    </ClCompile>
    <ClCompile Include="..\cncdrc\CNCTEND.CPP">
      <Filter>Source Files</Filter>
    </ClCompile>
    <ClCompile Include="..\cncdrc\CNCXUPR.CPP">
      <Filter>Source Files</Filter>
    </ClCompile>
    <ClCompile Include="..\cncserr\AVTOYP.CPP">
      <Filter>Source Files</Filter>
    </ClCompile>
    <ClCompile Include="..\cncserr\DIAG.CPP">
      <Filter>Source Files</Filter>
    </ClCompile>
    <ClCompile Include="..\cncserr\GLAV.CPP">
      <Filter>Source Files</Filter>
    </ClCompile>
    <ClCompile Include="..\cncserr\MISTAKE.CPP">
      <Filter>Source Files</Filter>
    </ClCompile>
    <ClCompile Include="..\cncserr\OB_IN.CPP">
      <Filter>Source Files</Filter>
    </ClCompile>
    <ClCompile Include="..\cncserr\OB_KON.CPP">
      <Filter>Source Files</Filter>
    </ClCompile>
    <ClCompile Include="..\cncserr\OB_KON2.CPP">
      <Filter>Source Files</Filter>
    </ClCompile>
    <ClCompile Include="..\cncserr\OB_OUT.CPP">
      <Filter>Source Files</Filter>
    </ClCompile>
    <ClCompile Include="..\cncserr\ZAPIC.CPP">
      <Filter>Source Files</Filter>
    </ClCompile>
    <ClCompile Include="..\cncshow\CNCSAUTO.CPP">
      <Filter>Source Files</Filter>
    </ClCompile>
    <ClCompile Include="..\cncshow\CNCSBEG.CPP">
      <Filter>Source Files</Filter>
    </ClCompile>
    <ClCompile Include="..\cncshow\CNCSCMPR.CPP">
      <Filter>Source Files</Filter>
    </ClCompile>
    <ClCompile Include="..\cncshow\CNCSCR.CPP">
      <Filter>Source Files</Filter>
    </ClCompile>
    <ClCompile Include="..\cncshow\CNCSCWND.CPP">
      <Filter>Source Files</Filter>
    </ClCompile>
    <ClCompile Include="..\cncshow\CNCSDIAG.CPP">
      <Filter>Source Files</Filter>
    </ClCompile>
    <ClCompile Include="..\cncshow\CNCSEDIT.CPP">
      <Filter>Source Files</Filter>
    </ClCompile>
    <ClCompile Include="..\cncshow\CNCSFH.CPP">
      <Filter>Source Files</Filter>
    </ClCompile>
    <ClCompile Include="..\cncshow\CNCSFSPR.CPP">
      <Filter>Source Files</Filter>
    </ClCompile>
    <ClCompile Include="..\cncshow\CNCSFUN.CPP">
      <Filter>Source Files</Filter>
    </ClCompile>
    <ClCompile Include="..\cncshow\CNCSGDC.CPP">
      <Filter>Source Files</Filter>
    </ClCompile>
    <ClCompile Include="..\cncshow\CNCSGEOM.CPP">
      <Filter>Source Files</Filter>
    </ClCompile>
    <ClCompile Include="..\cncshow\CNCSGSC.CPP">
      <Filter>Source Files</Filter>
    </ClCompile>
    <ClCompile Include="..\cncshow\CNCSGSTR.CPP">
      <Filter>Source Files</Filter>
    </ClCompile>
    <ClCompile Include="..\cncshow\CNCSHOW.CPP">
      <Filter>Source Files</Filter>
    </ClCompile>
    <ClCompile Include="..\cncshow\CNCSJOG.CPP">
      <Filter>Source Files</Filter>
    </ClCompile>
    <ClCompile Include="..\cncshow\CNCSKOR.CPP">
      <Filter>Source Files</Filter>
    </ClCompile>
    <ClCompile Include="..\cncshow\CNCSMAN.CPP">
      <Filter>Source Files</Filter>
    </ClCompile>
    <ClCompile Include="..\cncshow\CNCSRMSG.CPP">
      <Filter>Source Files</Filter>
    </ClCompile>
    <ClCompile Include="..\cncshow\CNCSTED.CPP">
      <Filter>Source Files</Filter>
    </ClCompile>
    <ClCompile Include="..\cncshow\CNCSTEDC.CPP">
      <Filter>Source Files</Filter>
    </ClCompile>
    <ClCompile Include="..\cncshow\CNCSTIO.CPP">
      <Filter>Source Files</Filter>
    </ClCompile>
    <ClCompile Include="..\cncshow\CNCSVAR.CPP">
      <Filter>Source Files</Filter>
    </ClCompile>
    <ClCompile Include="..\cncshow\CNCTEDI.CPP">
      <Filter>Source Files</Filter>
    </ClCompile>
    <ClCompile Include="..\cncstrea\CNCSTBUF.CPP">
      <Filter>Source Files</Filter>
    </ClCompile>
    <ClCompile Include="..\cncstrea\DEVPRO.CPP">
      <Filter>Source Files</Filter>
    </ClCompile>
    <ClCompile Include="..\cncstrea\DEVPRORE.CPP">
      <Filter>Source Files</Filter>
    </ClCompile>
    <ClCompile Include="..\cncstrea\DEVPROTR.CPP">
      <Filter>Source Files</Filter>
    </ClCompile>
    <ClCompile Include="..\cncstrea\ISERDEV.CPP">
      <Filter>Source Files</Filter>
    </ClCompile>
    <ClCompile Include="..\cncstrea\MAIN.CPP">
      <Filter>Source Files</Filter>
    </ClCompile>
    <ClCompile Include="..\cncstrea\SERDEVIC.CPP">
      <Filter>Source Files</Filter>
    </ClCompile>
    <ClCompile Include="..\cncstrea\SERRESIV.CPP">
      <Filter>Source Files</Filter>
    </ClCompile>
    <ClCompile Include="..\cncstrea\SERTRANS.CPP">
      <Filter>Source Files</Filter>
    </ClCompile>
    <ClCompile Include="..\cncstrea\STRBUREG.CPP">
      <Filter>Source Files</Filter>
    </ClCompile>
    <ClCompile Include="..\cnctime\CNCTBGN.CPP">
      <Filter>Source Files</Filter>
    </ClCompile>
    <ClCompile Include="..\cnctime\CNCTCM.CPP">
      <Filter>Source Files</Filter>
    </ClCompile>
    <ClCompile Include="..\cnctime\CNCTCOM1.CPP">
      <Filter>Source Files</Filter>
    </ClCompile>
    <ClCompile Include="..\cnctime\CNCTIME.CPP">
      <Filter>Source Files</Filter>
    </ClCompile>
    <ClCompile Include="..\cnctime\CNCTINFM.CPP">
      <Filter>Source Files</Filter>
    </ClCompile>
    <ClCompile Include="..\cnctime\CNCTIO.CPP">
      <Filter>Source Files</Filter>
    </ClCompile>
    <ClCompile Include="..\cnctime\CNCTMFUN.CPP">
      <Filter>Source Files</Filter>
    </ClCompile>
    <ClCompile Include="..\cnctime\CNCTMM.CPP">
      <Filter>Source Files</Filter>
    </ClCompile>
    <ClCompile Include="..\cnctime\CNCTPOIN.CPP">
      <Filter>Source Files</Filter>
    </ClCompile>
    <ClCompile Include="..\cnctime\CNCTRC1.CPP">
      <Filter>Source Files</Filter>
    </ClCompile>
    <ClCompile Include="..\cnctime\CNCTRC2.CPP">
      <Filter>Source Files</Filter>
    </ClCompile>
    <ClCompile Include="..\cnctime\CNCTRES.CPP">
      <Filter>Source Files</Filter>
    </ClCompile>
    <ClCompile Include="..\cnctime\CNCTRPR.CPP">
      <Filter>Source Files</Filter>
    </ClCompile>
    <ClCompile Include="..\cnctime\CNCTSM.CPP">
      <Filter>Source Files</Filter>
    </ClCompile>
    <ClCompile Include="..\cnctime\CNCTSTP.CPP">
      <Filter>Source Files</Filter>
    </ClCompile>
    <ClCompile Include="..\cnctime\CNCTSZR.CPP">
      <Filter>Source Files</Filter>
    </ClCompile>
    <ClCompile Include="..\cnctime\MFUNK.CPP">
      <Filter>Source Files</Filter>
    </ClCompile>
    <ClCompile Include="..\cnctime\NUMPOINT.CPP">
      <Filter>Source Files</Filter>
    </ClCompile>
    <ClCompile Include="..\cncunpac\CNCUANA.CPP">
      <Filter>Source Files</Filter>
    </ClCompile>
    <ClCompile Include="..\cncunpac\CNCUASIM.CPP">
      <Filter>Source Files</Filter>
    </ClCompile>
    <ClCompile Include="..\cncunpac\CNCUENDS.CPP">
      <Filter>Source Files</Filter>
    </ClCompile>
    <ClCompile Include="..\cncunpac\CNCUFNM.CPP">
      <Filter>Source Files</Filter>
    </ClCompile>
    <ClCompile Include="..\cncunpac\CNCUFNUM.CPP">
      <Filter>Source Files</Filter>
    </ClCompile>
    <ClCompile Include="..\cncunpac\CNCUFOM.CPP">
      <Filter>Source Files</Filter>
    </ClCompile>
    <ClCompile Include="..\cncunpac\CNCUFORM.CPP">
      <Filter>Source Files</Filter>
    </ClCompile>
    <ClCompile Include="..\cncunpac\CNCUGR4.CPP">
      <Filter>Source Files</Filter>
    </ClCompile>
    <ClCompile Include="..\cncunpac\CNCUGRAN.CPP">
      <Filter>Source Files</Filter>
    </ClCompile>
    <ClCompile Include="..\cncunpac\CNCUINTF.CPP">
      <Filter>Source Files</Filter>
    </ClCompile>
    <ClCompile Include="..\cncunpac\CNCUNP1.CPP">
      <Filter>Source Files</Filter>
    </ClCompile>
    <ClCompile Include="..\cncunpac\CNCUNP2.CPP">
      <Filter>Source Files</Filter>
    </ClCompile>
    <ClCompile Include="..\cncunpac\CNCUNP3.CPP">
      <Filter>Source Files</Filter>
    </ClCompile>
    <ClCompile Include="..\cncunpac\CNCUNUL.CPP">
      <Filter>Source Files</Filter>
    </ClCompile>
    <ClCompile Include="..\cncunpac\CNCUNUMF.CPP">
      <Filter>Source Files</Filter>
    </ClCompile>
    <ClCompile Include="..\cncunpac\CNCUNUMS.CPP">
      <Filter>Source Files</Filter>
    </ClCompile>
    <ClCompile Include="..\cncunpac\CNCUR_PR.CPP">
      <Filter>Source Files</Filter>
    </ClCompile>
    <ClCompile Include="..\cncunpac\CNCUSIM.CPP">
      <Filter>Source Files</Filter>
    </ClCompile>
    <ClCompile Include="..\cncunpac\CNCUWERR.CPP">
      <Filter>Source Files</Filter>
    </ClCompile>
    <ClCompile Include="..\cncunpac\CNCUWKP.CPP">
      <Filter>Source Files</Filter>
    </ClCompile>
    <ClCompile Include="..\cncunpac\CNCUZCP.CPP">
      <Filter>Source Files</Filter>
    </ClCompile>
    <ClCompile Include="..\cncunpac\CNCUZERO.CPP">
      <Filter>Source Files</Filter>
    </ClCompile>
    <ClCompile Include="..\cncunpac\CNCUZSM.CPP">
      <Filter>Source Files</Filter>
    </ClCompile>
    <ClCompile Include="..\cncunpac\FORM.CPP">
      <Filter>Source Files</Filter>
    </ClCompile>
    <ClCompile Include="..\cncunpac\FORMP.CPP">
      <Filter>Source Files</Filter>
    </ClCompile>
    <ClCompile Include="..\cncunpac\F_ERROR.CPP">
      <Filter>Source Files</Filter>
    </ClCompile>
    <ClCompile Include="..\cncvisn\CNCVCALC.CPP">
      <Filter>Source Files</Filter>
    </ClCompile>
    <ClCompile Include="..\cncvisn\CNCVCLIN.CPP">
      <Filter>Source Files</Filter>
    </ClCompile>
    <ClCompile Include="..\cncvisn\CNCVCLOC.CPP">
      <Filter>Source Files</Filter>
    </ClCompile>
    <ClCompile Include="..\cncvisn\CNCVEDNC.CPP">
      <Filter>Source Files</Filter>
    </ClCompile>
    <ClCompile Include="..\cncvisn\CNCVEQPR.CPP">
      <Filter>Source Files</Filter>
    </ClCompile>
    <ClCompile Include="..\cncvisn\CNCVGEOM.CPP">
      <Filter>Source Files</Filter>
    </ClCompile>
    <ClCompile Include="..\cncvisn\CNCVGRAP.CPP">
      <Filter>Source Files</Filter>
    </ClCompile>
    <ClCompile Include="..\cncvisn\CNCVHELP.CPP">
      <Filter>Source Files</Filter>
    </ClCompile>
    <ClCompile Include="..\cncvisn\CNCVISN.CPP">
      <Filter>Source Files</Filter>
    </ClCompile>
    <ClCompile Include="..\cncvisn\CNCVPULT.CPP">
      <Filter>Source Files</Filter>
    </ClCompile>
    <ClCompile Include="..\cncvisn\CNCVQPIT.CPP">
      <Filter>Source Files</Filter>
    </ClCompile>
    <ClCompile Include="..\cncvisn\CNCVRUS.CPP">
      <Filter>Source Files</Filter>
    </ClCompile>
    <ClCompile Include="..\cncvisn\CNCVSLIN.CPP">
      <Filter>Source Files</Filter>
    </ClCompile>
    <ClCompile Include="..\cncvisn\CNCVSTW.CPP">
      <Filter>Source Files</Filter>
    </ClCompile>
    <ClCompile Include="..\cncvisn\CNCVTEDT.CPP">
      <Filter>Source Files</Filter>
    </ClCompile>
    <ClCompile Include="..\cncvisn\CNCVUTIL.CPP">
      <Filter>Source Files</Filter>
    </ClCompile>
  </ItemGroup>
  <ItemGroup>
    <None Include="..\..\tvision\source\EDITS.ASM">
      <Filter>Source Files</Filter>
    </None>
    <None Include="..\..\tvision\source\FRAMELIN.ASM">
      <Filter>Source Files</Filter>
    </None>
    <None Include="..\..\tvision\source\HARDWARE.ASM">
      <Filter>Source Files</Filter>
    </None>
    <None Include="..\..\tvision\source\SWAPST.ASM">
      <Filter>Source Files</Filter>
    </None>
    <None Include="..\..\tvision\source\SYSINT.ASM">
      <Filter>Source Files</Filter>
    </None>
    <None Include="..\..\tvision\source\TGRMV.ASM">
      <Filter>Source Files</Filter>
    </None>
    <None Include="..\..\tvision\source\TTPRVLNS.ASM">
      <Filter>Source Files</Filter>
    </None>
    <None Include="..\..\tvision\source\TVCURSOR.ASM">
      <Filter>Source Files</Filter>
    </None>
    <None Include="..\..\tvision\source\TVEXPOSD.ASM">
      <Filter>Source Files</Filter>
    </None>
    <None Include="..\..\tvision\source\TVWRITE.ASM">
      <Filter>Source Files</Filter>
    </None>
    <None Include="..\..\tvision\source\TV.INC">
      <Filter>Header Files</Filter>
    </None>
  </ItemGroup>
  <ItemGroup>
    <ClInclude Include="..\..\tvision\include\APP.H">
      <Filter>Header Files</Filter>
    </ClInclude>
    <ClInclude Include="..\..\tvision\include\BUFFERS.H">
      <Filter>Header Files</Filter>
    </ClInclude>
    <ClInclude Include="..\..\tvision\include\COLORSEL.H">
      <Filter>Header Files</Filter>
    </ClInclude>
    <ClInclude Include="..\..\tvision\include\CONFIG.H">
      <Filter>Header Files</Filter>
    </ClInclude>
    <ClInclude Include="..\..\tvision\include\DIALOGS.H">
      <Filter>Header Files</Filter>
    </ClInclude>
    <ClInclude Include="..\..\tvision\include\DRAWBUF.H">
      <Filter>Header Files</Filter>
    </ClInclude>
    <ClInclude Include="..\..\tvision\include\EDITORS.H">
      <Filter>Header Files</Filter>
    </ClInclude>
    <ClInclude Include="..\..\tvision\include\HARDWARE.H">
      <Filter>Header Files</Filter>
    </ClInclude>
    <ClInclude Include="..\..\tvision\include\HELP.H">
      <Filter>Header Files</Filter>
    </ClInclude>
    <ClInclude Include="..\..\tvision\include\HELPBASE.H">
      <Filter>Header Files</Filter>
    </ClInclude>
    <ClInclude Include="..\..\tvision\include\MENUS.H">
      <Filter>Header Files</Filter>
    </ClInclude>
    <ClInclude Include="..\..\tvision\include\MSGBOX.H">
      <Filter>Header Files</Filter>
    </ClInclude>
    <ClInclude Include="..\..\tvision\include\OBJECTS.H">
      <Filter>Header Files</Filter>
    </ClInclude>
    <ClInclude Include="..\..\tvision\include\OUTLINE.H">
      <Filter>Header Files</Filter>
    </ClInclude>
    <ClInclude Include="..\..\tvision\include\RESOURCE.H">
      <Filter>Header Files</Filter>
    </ClInclude>
    <ClInclude Include="..\..\tvision\include\STDDLG.H">
      <Filter>Header Files</Filter>
    </ClInclude>
    <ClInclude Include="..\..\tvision\include\SYSTEM.H">
      <Filter>Header Files</Filter>
    </ClInclude>
    <ClInclude Include="..\..\tvision\include\TEXTVIEW.H">
      <Filter>Header Files</Filter>
    </ClInclude>
    <ClInclude Include="..\..\tvision\include\TKEYS.H">
      <Filter>Header Files</Filter>
    </ClInclude>
    <ClInclude Include="..\..\tvision\include\TOBJSTRM.H">
      <Filter>Header Files</Filter>
    </ClInclude>
    <ClInclude Include="..\..\tvision\include\TTYPES.H">
      <Filter>Header Files</Filter>
    </ClInclude>
    <ClInclude Include="..\..\tvision\include\TV.H">
      <Filter>Header Files</Filter>
    </ClInclude>
    <ClInclude Include="..\..\tvision\include\TVOBJS.H">
      <Filter>Header Files</Filter>
    </ClInclude>
    <ClInclude Include="..\..\tvision\include\UTIL.H">
      <Filter>Header Files</Filter>
    </ClInclude>
    <ClInclude Include="..\..\tvision\include\VALIDATE.H">
      <Filter>Header Files</Filter>
    </ClInclude>
    <ClInclude Include="..\..\tvision\include\VIEWS.H">
      <Filter>Header Files</Filter>
    </ClInclude>
    <ClInclude Include="..\cnccom\CNCCLASS.H">
      <Filter>Header Files</Filter>
    </ClInclude>
    <ClInclude Include="..\cnccom\CNCDIR.H">
      <Filter>Header Files</Filter>
    </ClInclude>
    <ClInclude Include="..\cnccom\CNCED.H">
      <Filter>Header Files</Filter>
    </ClInclude>
    <ClInclude Include="..\cnccom\CNCHARD.H">
      <Filter>Header Files</Filter>
    </ClInclude>
    <ClInclude Include="..\cnccom\CNCINT.H">
      <Filter>Header Files</Filter>
    </ClInclude>
    <ClInclude Include="..\cnccom\CNCINTB.H">
      <Filter>Header Files</Filter>
    </ClInclude>
    <ClInclude Include="..\cnccom\CNCINTF.H">
      <Filter>Header Files</Filter>
    </ClInclude>
    <ClInclude Include="..\cnccom\CNCIOPAR.H">
      <Filter>Header Files</Filter>
    </ClInclude>
    <ClInclude Include="..\cnccom\CNCP.H">
      <Filter>Header Files</Filter>
    </ClInclude>
    <ClInclude Include="..\cnccom\CNCPAR.H">
      <Filter>Header Files</Filter>
    </ClInclude>
    <ClInclude Include="..\cnccom\CNCPARD.H">
      <Filter>Header Files</Filter>
    </ClInclude>
    <ClInclude Include="..\cnccom\CNCRAZ.H">
      <Filter>Header Files</Filter>
    </ClInclude>
    <ClInclude Include="..\cnccom\CNCUN1.H">
      <Filter>Header Files</Filter>
    </ClInclude>
    <ClInclude Include="..\cnccom\CNCUN2.H">
      <Filter>Header Files</Filter>
    </ClInclude>
    <ClInclude Include="..\cnccom\CNCUN3.H">
      <Filter>Header Files</Filter>
    </ClInclude>
    <ClInclude Include="..\cnccom\CNCVOIDC.H">
      <Filter>Header Files</Filter>
    </ClInclude>
    <ClInclude Include="..\cnccom\CNCVOIDI.H">
      <Filter>Header Files</Filter>
    </ClInclude>
    <ClInclude Include="..\cnccom\CNCVOIDU.H">
      <Filter>Header Files</Filter>
    </ClInclude>
    <ClInclude Include="..\cncdrc\CNCCDEF.H">
      <Filter>Header Files</Filter>
    </ClInclude>
    <ClInclude Include="..\cncdrc\CNCCSTAT.H">
      <Filter>Header Files</Filter>
    </ClInclude>
    <ClInclude Include="..\cncdrc\CNCCSTI.H">
      <Filter>Header Files</Filter>
    </ClInclude>
    <ClInclude Include="..\cncdrc\CNCDCAP.H">
      <Filter>Header Files</Filter>
    </ClInclude>
    <ClInclude Include="..\cncdrc\CNCDRCH.H">
      <Filter>Header Files</Filter>
    </ClInclude>
    <ClInclude Include="..\cncdrc\CNCPLC.H">
      <Filter>Header Files</Filter>
    </ClInclude>
    <ClInclude Include="..\cncdrc\CNCVOIDT.H">
      <Filter>Header Files</Filter>
    </ClInclude>
    <ClInclude Include="..\cncshow\CNCP.H">
      <Filter>Header Files</Filter>
    </ClInclude>
    <ClInclude Include="..\cncshow\CNCSAUTO.H">
      <Filter>Header Files</Filter>
    </ClInclude>
    <ClInclude Include="..\cncshow\CNCSCMPR.H">
      <Filter>Header Files</Filter>
    </ClInclude>
    <ClInclude Include="..\cncshow\CNCSCR.H">
      <Filter>Header Files</Filter>
    </ClInclude>
    <ClInclude Include="..\cncshow\CNCSDIAG.H">
      <Filter>Header Files</Filter>
    </ClInclude>
    <ClInclude Include="..\cncshow\CNCSEDIT.H">
      <Filter>Header Files</Filter>
    </ClInclude>
    <ClInclude Include="..\cncshow\CNCSFH.H">
      <Filter>Header Files</Filter>
    </ClInclude>
    <ClInclude Include="..\cncshow\CNCSFSPR.H">
      <Filter>Header Files</Filter>
    </ClInclude>
    <ClInclude Include="..\cncshow\CNCSFUN.H">
      <Filter>Header Files</Filter>
    </ClInclude>
    <ClInclude Include="..\cncshow\CNCSGEOM.H">
      <Filter>Header Files</Filter>
    </ClInclude>
    <ClInclude Include="..\cncshow\CNCSGSTR.H">
      <Filter>Header Files</Filter>
    </ClInclude>
    <ClInclude Include="..\cncshow\CNCSHOW.H">
      <Filter>Header Files</Filter>
    </ClInclude>
    <ClInclude Include="..\cncshow\CNCSJOG.H">
      <Filter>Header Files</Filter>
    </ClInclude>
    <ClInclude Include="..\cncshow\CNCSKOR.H">
      <Filter>Header Files</Filter>
    </ClInclude>
    <ClInclude Include="..\cncshow\CNCSMAN.H">
      <Filter>Header Files</Filter>
    </ClInclude>
    <ClInclude Include="..\cncshow\CNCSMULT.H">
      <Filter>Header Files</Filter>
    </ClInclude>
    <ClInclude Include="..\cncshow\CNCSTED.H">
      <Filter>Header Files</Filter>
    </ClInclude>
    <ClInclude Include="..\cncshow\CNCSTEDC.H">
      <Filter>Header Files</Filter>
    </ClInclude>
    <ClInclude Include="..\cncshow\CNCSTEDI.H">
      <Filter>Header Files</Filter>
    </ClInclude>
    <ClInclude Include="..\cncshow\CNCSTIO.H">
      <Filter>Header Files</Filter>
    </ClInclude>
    <ClInclude Include="..\cncstrea\CHCONFIG.H">
      <Filter>Header Files</Filter>
    </ClInclude>
    <ClInclude Include="..\cncstrea\CNCSTBUF.H">
      <Filter>Header Files</Filter>
    </ClInclude>
    <ClInclude Include="..\cncstrea\DEVPRO.H">
      <Filter>Header Files</Filter>
    </ClInclude>
    <ClInclude Include="..\cncstrea\DEVPRORE.H">
      <Filter>Header Files</Filter>
    </ClInclude>
    <ClInclude Include="..\cncstrea\DEVPROTR.H">
      <Filter>Header Files</Filter>
    </ClInclude>
    <ClInclude Include="..\cncstrea\ISERDEV.H">
      <Filter>Header Files</Filter>
    </ClInclude>
    <ClInclude Include="..\cncstrea\PTRFUN.H">
      <Filter>Header Files</Filter>
    </ClInclude>
    <ClInclude Include="..\cncstrea\SERDEVIC.H">
      <Filter>Header Files</Filter>
    </ClInclude>
    <ClInclude Include="..\cncstrea\SERRESIV.H">
      <Filter>Header Files</Filter>
    </ClInclude>
    <ClInclude Include="..\cncstrea\SERSTREA.H">
      <Filter>Header Files</Filter>
    </ClInclude>
    <ClInclude Include="..\cncstrea\SERTRANS.H">
      <Filter>Header Files</Filter>
    </ClInclude>
    <ClInclude Include="..\cncstrea\STRBUREG.H">
      <Filter>Header Files</Filter>
    </ClInclude>
    <ClInclude Include="..\cncstrea\TTTCLSTP.H">
      <Filter>Header Files</Filter>
    </ClInclude>
    <ClInclude Include="..\cncvisn\CNCVCALC.H">
      <Filter>Header Files</Filter>
    </ClInclude>
    <ClInclude Include="..\cncvisn\CNCVCLIN.H">
      <Filter>Header Files</Filter>
    </ClInclude>
    <ClInclude Include="..\cncvisn\CNCVCLOC.H">
      <Filter>Header Files</Filter>
    </ClInclude>
    <ClInclude Include="..\cncvisn\CNCVCOM.H">
      <Filter>Header Files</Filter>
    </ClInclude>
    <ClInclude Include="..\cncvisn\CNCVCOMD.H">
      <Filter>Header Files</Filter>
    </ClInclude>
    <ClInclude Include="..\cncvisn\CNCVEDNC.H">
      <Filter>Header Files</Filter>
    </ClInclude>
    <ClInclude Include="..\cncvisn\CNCVEQPR.H">
      <Filter>Header Files</Filter>
    </ClInclude>
    <ClInclude Include="..\cncvisn\CNCVGEOM.H">
      <Filter>Header Files</Filter>
    </ClInclude>
    <ClInclude Include="..\cncvisn\CNCVGRAP.H">
      <Filter>Header Files</Filter>
    </ClInclude>
    <ClInclude Include="..\cncvisn\CNCVHELP.H">
      <Filter>Header Files</Filter>
    </ClInclude>
    <ClInclude Include="..\cncvisn\CNCVHLPC.H">
      <Filter>Header Files</Filter>
    </ClInclude>
    <ClInclude Include="..\cncvisn\CNCVISN.H">
      <Filter>Header Files</Filter>
    </ClInclude>
    <ClInclude Include="..\cncvisn\CNCVPULT.H">
      <Filter>Header Files</Filter>
    </ClInclude>
    <ClInclude Include="..\cncvisn\CNCVQPHC.H">
      <Filter>Header Files</Filter>
    </ClInclude>
    <ClInclude Include="..\cncvisn\CNCVQPIT.H">
      <Filter>Header Files</Filter>
    </ClInclude>
    <ClInclude Include="..\cncvisn\CNCVRUS.H">
      <Filter>Header Files</Filter>
    </ClInclude>
    <ClInclude Include="..\cncvisn\CNCVSLIN.H">
      <Filter>Header Files</Filter>
    </ClInclude>
    <ClInclude Include="..\cncvisn\CNCVSTW.H">
      <Filter>Header Files</Filter>
    </ClInclude>
    <ClInclude Include="..\cncvisn\CNCVTEDT.H">
      <Filter>Header Files</Filter>
    </ClInclude>
    <ClInclude Include="..\cncvisn\CNCVUTIL.H">
      <Filter>Header Files</Filter>
    </ClInclude>
  </ItemGroup>
</Project>